// !$*UTF8*$!
{
	archiveVersion = 1;
	classes = {
	};
	objectVersion = 46;
	objects = {

/* Begin PBXBuildFile section */
		598672261949D31E00B97F76 /* AppDelegate.swift in Sources */ = {isa = PBXBuildFile; fileRef = 598672251949D31D00B97F76 /* AppDelegate.swift */; };
		598672291949D31E00B97F76 /* FisrtProgram.xcdatamodeld in Sources */ = {isa = PBXBuildFile; fileRef = 598672271949D31E00B97F76 /* FisrtProgram.xcdatamodeld */; };
		5986722B1949D31E00B97F76 /* ViewController.swift in Sources */ = {isa = PBXBuildFile; fileRef = 5986722A1949D31E00B97F76 /* ViewController.swift */; };
		5986722E1949D31E00B97F76 /* Main.storyboard in Resources */ = {isa = PBXBuildFile; fileRef = 5986722C1949D31E00B97F76 /* Main.storyboard */; };
		598672301949D31E00B97F76 /* Images.xcassets in Resources */ = {isa = PBXBuildFile; fileRef = 5986722F1949D31E00B97F76 /* Images.xcassets */; };
		5986723C1949D31E00B97F76 /* FisrtProgramTests.swift in Sources */ = {isa = PBXBuildFile; fileRef = 5986723B1949D31E00B97F76 /* FisrtProgramTests.swift */; };
/* End PBXBuildFile section */

/* Begin PBXContainerItemProxy section */
		598672361949D31E00B97F76 /* PBXContainerItemProxy */ = {
			isa = PBXContainerItemProxy;
			containerPortal = 598672181949D31D00B97F76 /* Project object */;
			proxyType = 1;
			remoteGlobalIDString = 5986721F1949D31D00B97F76;
			remoteInfo = FisrtProgram;
		};
/* End PBXContainerItemProxy section */

/* Begin PBXFileReference section */
		598672201949D31D00B97F76 /* FisrtProgram.app */ = {isa = PBXFileReference; explicitFileType = wrapper.application; includeInIndex = 0; path = FisrtProgram.app; sourceTree = BUILT_PRODUCTS_DIR; };
		598672241949D31D00B97F76 /* Info.plist */ = {isa = PBXFileReference; lastKnownFileType = text.plist.xml; path = Info.plist; sourceTree = "<group>"; };
		598672251949D31D00B97F76 /* AppDelegate.swift */ = {isa = PBXFileReference; lastKnownFileType = sourcecode.swift; path = AppDelegate.swift; sourceTree = "<group>"; };
		598672281949D31E00B97F76 /* FisrtProgram.xcdatamodel */ = {isa = PBXFileReference; lastKnownFileType = wrapper.xcdatamodel; path = FisrtProgram.xcdatamodel; sourceTree = "<group>"; };
		5986722A1949D31E00B97F76 /* ViewController.swift */ = {isa = PBXFileReference; lastKnownFileType = sourcecode.swift; path = ViewController.swift; sourceTree = "<group>"; };
		5986722D1949D31E00B97F76 /* Base */ = {isa = PBXFileReference; lastKnownFileType = file.storyboard; name = Base; path = Base.lproj/Main.storyboard; sourceTree = "<group>"; };
		5986722F1949D31E00B97F76 /* Images.xcassets */ = {isa = PBXFileReference; lastKnownFileType = folder.assetcatalog; path = Images.xcassets; sourceTree = "<group>"; };
		598672351949D31E00B97F76 /* FisrtProgramTests.xctest */ = {isa = PBXFileReference; explicitFileType = wrapper.cfbundle; includeInIndex = 0; path = FisrtProgramTests.xctest; sourceTree = BUILT_PRODUCTS_DIR; };
		5986723A1949D31E00B97F76 /* Info.plist */ = {isa = PBXFileReference; lastKnownFileType = text.plist.xml; path = Info.plist; sourceTree = "<group>"; };
		5986723B1949D31E00B97F76 /* FisrtProgramTests.swift */ = {isa = PBXFileReference; lastKnownFileType = sourcecode.swift; path = FisrtProgramTests.swift; sourceTree = "<group>"; };
/* End PBXFileReference section */

/* Begin PBXFrameworksBuildPhase section */
		5986721D1949D31D00B97F76 /* Frameworks */ = {
			isa = PBXFrameworksBuildPhase;
			buildActionMask = 2147483647;
			files = (
			);
			runOnlyForDeploymentPostprocessing = 0;
		};
		598672321949D31E00B97F76 /* Frameworks */ = {
			isa = PBXFrameworksBuildPhase;
			buildActionMask = 2147483647;
			files = (
			);
			runOnlyForDeploymentPostprocessing = 0;
		};
/* End PBXFrameworksBuildPhase section */

/* Begin PBXGroup section */
		598672171949D31D00B97F76 = {
			isa = PBXGroup;
			children = (
				598672221949D31D00B97F76 /* FisrtProgram */,
				598672381949D31E00B97F76 /* FisrtProgramTests */,
				598672211949D31D00B97F76 /* Products */,
			);
			sourceTree = "<group>";
		};
		598672211949D31D00B97F76 /* Products */ = {
			isa = PBXGroup;
			children = (
				598672201949D31D00B97F76 /* FisrtProgram.app */,
				598672351949D31E00B97F76 /* FisrtProgramTests.xctest */,
			);
			name = Products;
			sourceTree = "<group>";
		};
		598672221949D31D00B97F76 /* FisrtProgram */ = {
			isa = PBXGroup;
			children = (
				598672251949D31D00B97F76 /* AppDelegate.swift */,
				5986722A1949D31E00B97F76 /* ViewController.swift */,
				5986722C1949D31E00B97F76 /* Main.storyboard */,
				5986722F1949D31E00B97F76 /* Images.xcassets */,
				598672271949D31E00B97F76 /* FisrtProgram.xcdatamodeld */,
				598672231949D31D00B97F76 /* Supporting Files */,
			);
			path = FisrtProgram;
			sourceTree = "<group>";
		};
		598672231949D31D00B97F76 /* Supporting Files */ = {
			isa = PBXGroup;
			children = (
				598672241949D31D00B97F76 /* Info.plist */,
			);
			name = "Supporting Files";
			sourceTree = "<group>";
		};
		598672381949D31E00B97F76 /* FisrtProgramTests */ = {
			isa = PBXGroup;
			children = (
				5986723B1949D31E00B97F76 /* FisrtProgramTests.swift */,
				598672391949D31E00B97F76 /* Supporting Files */,
			);
			path = FisrtProgramTests;
			sourceTree = "<group>";
		};
		598672391949D31E00B97F76 /* Supporting Files */ = {
			isa = PBXGroup;
			children = (
				5986723A1949D31E00B97F76 /* Info.plist */,
			);
			name = "Supporting Files";
			sourceTree = "<group>";
		};
/* End PBXGroup section */

/* Begin PBXNativeTarget section */
		5986721F1949D31D00B97F76 /* FisrtProgram */ = {
			isa = PBXNativeTarget;
			buildConfigurationList = 5986723F1949D31E00B97F76 /* Build configuration list for PBXNativeTarget "FisrtProgram" */;
			buildPhases = (
				5986721C1949D31D00B97F76 /* Sources */,
				5986721D1949D31D00B97F76 /* Frameworks */,
				5986721E1949D31D00B97F76 /* Resources */,
			);
			buildRules = (
			);
			dependencies = (
			);
			name = FisrtProgram;
			productName = FisrtProgram;
			productReference = 598672201949D31D00B97F76 /* FisrtProgram.app */;
			productType = "com.apple.product-type.application";
		};
		598672341949D31E00B97F76 /* FisrtProgramTests */ = {
			isa = PBXNativeTarget;
			buildConfigurationList = 598672421949D31E00B97F76 /* Build configuration list for PBXNativeTarget "FisrtProgramTests" */;
			buildPhases = (
				598672311949D31E00B97F76 /* Sources */,
				598672321949D31E00B97F76 /* Frameworks */,
				598672331949D31E00B97F76 /* Resources */,
			);
			buildRules = (
			);
			dependencies = (
				598672371949D31E00B97F76 /* PBXTargetDependency */,
			);
			name = FisrtProgramTests;
			productName = FisrtProgramTests;
			productReference = 598672351949D31E00B97F76 /* FisrtProgramTests.xctest */;
			productType = "com.apple.product-type.bundle.unit-test";
		};
/* End PBXNativeTarget section */

/* Begin PBXProject section */
		598672181949D31D00B97F76 /* Project object */ = {
			isa = PBXProject;
			attributes = {
				LastUpgradeCheck = 0600;
				ORGANIZATIONNAME = Webonise;
				TargetAttributes = {
					5986721F1949D31D00B97F76 = {
						CreatedOnToolsVersion = 6.0;
					};
					598672341949D31E00B97F76 = {
						CreatedOnToolsVersion = 6.0;
						TestTargetID = 5986721F1949D31D00B97F76;
					};
				};
			};
			buildConfigurationList = 5986721B1949D31D00B97F76 /* Build configuration list for PBXProject "FisrtProgram" */;
			compatibilityVersion = "Xcode 3.2";
			developmentRegion = English;
			hasScannedForEncodings = 0;
			knownRegions = (
				en,
				Base,
			);
			mainGroup = 598672171949D31D00B97F76;
			productRefGroup = 598672211949D31D00B97F76 /* Products */;
			projectDirPath = "";
			projectRoot = "";
			targets = (
				5986721F1949D31D00B97F76 /* FisrtProgram */,
				598672341949D31E00B97F76 /* FisrtProgramTests */,
			);
		};
/* End PBXProject section */

/* Begin PBXResourcesBuildPhase section */
		5986721E1949D31D00B97F76 /* Resources */ = {
			isa = PBXResourcesBuildPhase;
			buildActionMask = 2147483647;
			files = (
				5986722E1949D31E00B97F76 /* Main.storyboard in Resources */,
				598672301949D31E00B97F76 /* Images.xcassets in Resources */,
			);
			runOnlyForDeploymentPostprocessing = 0;
		};
		598672331949D31E00B97F76 /* Resources */ = {
			isa = PBXResourcesBuildPhase;
			buildActionMask = 2147483647;
			files = (
			);
			runOnlyForDeploymentPostprocessing = 0;
		};
/* End PBXResourcesBuildPhase section */

/* Begin PBXSourcesBuildPhase section */
		5986721C1949D31D00B97F76 /* Sources */ = {
			isa = PBXSourcesBuildPhase;
			buildActionMask = 2147483647;
			files = (
				5986722B1949D31E00B97F76 /* ViewController.swift in Sources */,
				598672261949D31E00B97F76 /* AppDelegate.swift in Sources */,
				598672291949D31E00B97F76 /* FisrtProgram.xcdatamodeld in Sources */,
			);
			runOnlyForDeploymentPostprocessing = 0;
		};
		598672311949D31E00B97F76 /* Sources */ = {
			isa = PBXSourcesBuildPhase;
			buildActionMask = 2147483647;
			files = (
				5986723C1949D31E00B97F76 /* FisrtProgramTests.swift in Sources */,
			);
			runOnlyForDeploymentPostprocessing = 0;
		};
/* End PBXSourcesBuildPhase section */

/* Begin PBXTargetDependency section */
		598672371949D31E00B97F76 /* PBXTargetDependency */ = {
			isa = PBXTargetDependency;
			target = 5986721F1949D31D00B97F76 /* FisrtProgram */;
			targetProxy = 598672361949D31E00B97F76 /* PBXContainerItemProxy */;
		};
/* End PBXTargetDependency section */

/* Begin PBXVariantGroup section */
		5986722C1949D31E00B97F76 /* Main.storyboard */ = {
			isa = PBXVariantGroup;
			children = (
				5986722D1949D31E00B97F76 /* Base */,
			);
			name = Main.storyboard;
			sourceTree = "<group>";
		};
/* End PBXVariantGroup section */

/* Begin XCBuildConfiguration section */
		5986723D1949D31E00B97F76 /* Debug */ = {
			isa = XCBuildConfiguration;
			buildSettings = {
				ALWAYS_SEARCH_USER_PATHS = NO;
				CLANG_CXX_LANGUAGE_STANDARD = "gnu++0x";
				CLANG_CXX_LIBRARY = "libc++";
				CLANG_ENABLE_MODULES = YES;
				CLANG_ENABLE_OBJC_ARC = YES;
				CLANG_WARN_BOOL_CONVERSION = YES;
				CLANG_WARN_CONSTANT_CONVERSION = YES;
				CLANG_WARN_DIRECT_OBJC_ISA_USAGE = YES_ERROR;
				CLANG_WARN_EMPTY_BODY = YES;
				CLANG_WARN_ENUM_CONVERSION = YES;
				CLANG_WARN_INT_CONVERSION = YES;
				CLANG_WARN_OBJC_ROOT_CLASS = YES_ERROR;
				CLANG_WARN_UNREACHABLE_CODE = YES;
				CLANG_WARN__DUPLICATE_METHOD_MATCH = YES;
				"CODE_SIGN_IDENTITY[sdk=iphoneos*]" = "iPhone Developer";
				COPY_PHASE_STRIP = NO;
				ENABLE_STRICT_OBJC_MSGSEND = YES;
				GCC_C_LANGUAGE_STANDARD = gnu99;
				GCC_DYNAMIC_NO_PIC = NO;
				GCC_OPTIMIZATION_LEVEL = 0;
				GCC_PREPROCESSOR_DEFINITIONS = (
					"DEBUG=1",
					"$(inherited)",
				);
				GCC_SYMBOLS_PRIVATE_EXTERN = NO;
				GCC_WARN_64_TO_32_BIT_CONVERSION = YES;
				GCC_WARN_ABOUT_RETURN_TYPE = YES_ERROR;
				GCC_WARN_UNDECLARED_SELECTOR = YES;
				GCC_WARN_UNINITIALIZED_AUTOS = YES_AGGRESSIVE;
				GCC_WARN_UNUSED_FUNCTION = YES;
				GCC_WARN_UNUSED_VARIABLE = YES;
				IPHONEOS_DEPLOYMENT_TARGET = 8.0;
				METAL_ENABLE_DEBUG_INFO = YES;
				ONLY_ACTIVE_ARCH = YES;
				SDKROOT = iphoneos;
				SWIFT_OPTIMIZATION_LEVEL = "-Onone";
			};
			name = Debug;
		};
		5986723E1949D31E00B97F76 /* Release */ = {
			isa = XCBuildConfiguration;
			buildSettings = {
				ALWAYS_SEARCH_USER_PATHS = NO;
				CLANG_CXX_LANGUAGE_STANDARD = "gnu++0x";
				CLANG_CXX_LIBRARY = "libc++";
				CLANG_ENABLE_MODULES = YES;
				CLANG_ENABLE_OBJC_ARC = YES;
				CLANG_WARN_BOOL_CONVERSION = YES;
				CLANG_WARN_CONSTANT_CONVERSION = YES;
				CLANG_WARN_DIRECT_OBJC_ISA_USAGE = YES_ERROR;
				CLANG_WARN_EMPTY_BODY = YES;
				CLANG_WARN_ENUM_CONVERSION = YES;
				CLANG_WARN_INT_CONVERSION = YES;
				CLANG_WARN_OBJC_ROOT_CLASS = YES_ERROR;
				CLANG_WARN_UNREACHABLE_CODE = YES;
				CLANG_WARN__DUPLICATE_METHOD_MATCH = YES;
				"CODE_SIGN_IDENTITY[sdk=iphoneos*]" = "iPhone Developer";
				COPY_PHASE_STRIP = YES;
				ENABLE_NS_ASSERTIONS = NO;
				ENABLE_STRICT_OBJC_MSGSEND = YES;
				GCC_C_LANGUAGE_STANDARD = gnu99;
				GCC_WARN_64_TO_32_BIT_CONVERSION = YES;
				GCC_WARN_ABOUT_RETURN_TYPE = YES_ERROR;
				GCC_WARN_UNDECLARED_SELECTOR = YES;
				GCC_WARN_UNINITIALIZED_AUTOS = YES_AGGRESSIVE;
				GCC_WARN_UNUSED_FUNCTION = YES;
				GCC_WARN_UNUSED_VARIABLE = YES;
				IPHONEOS_DEPLOYMENT_TARGET = 8.0;
				METAL_ENABLE_DEBUG_INFO = NO;
				SDKROOT = iphoneos;
				VALIDATE_PRODUCT = YES;
			};
			name = Release;
		};
		598672401949D31E00B97F76 /* Debug */ = {
			isa = XCBuildConfiguration;
			buildSettings = {
				ASSETCATALOG_COMPILER_APPICON_NAME = AppIcon;
				ASSETCATALOG_COMPILER_LAUNCHIMAGE_NAME = LaunchImage;
				INFOPLIST_FILE = FisrtProgram/Info.plist;
				IPHONEOS_DEPLOYMENT_TARGET = 7.1;
				LD_RUNPATH_SEARCH_PATHS = "$(inherited) @executable_path/Frameworks";
				PRODUCT_NAME = "$(TARGET_NAME)";
			};
			name = Debug;
		};
		598672411949D31E00B97F76 /* Release */ = {
			isa = XCBuildConfiguration;
			buildSettings = {
				ASSETCATALOG_COMPILER_APPICON_NAME = AppIcon;
				ASSETCATALOG_COMPILER_LAUNCHIMAGE_NAME = LaunchImage;
				INFOPLIST_FILE = FisrtProgram/Info.plist;
				IPHONEOS_DEPLOYMENT_TARGET = 7.1;
				LD_RUNPATH_SEARCH_PATHS = "$(inherited) @executable_path/Frameworks";
				PRODUCT_NAME = "$(TARGET_NAME)";
			};
			name = Release;
		};
		598672431949D31E00B97F76 /* Debug */ = {
			isa = XCBuildConfiguration;
			buildSettings = {
				BUNDLE_LOADER = "$(BUILT_PRODUCTS_DIR)/FisrtProgram.app/FisrtProgram";
				FRAMEWORK_SEARCH_PATHS = (
					"$(SDKROOT)/Developer/Library/Frameworks",
					"$(inherited)",
				);
				GCC_PREPROCESSOR_DEFINITIONS = (
					"DEBUG=1",
					"$(inherited)",
				);
				INFOPLIST_FILE = FisrtProgramTests/Info.plist;
				LD_RUNPATH_SEARCH_PATHS = "$(inherited) @executable_path/Frameworks @loader_path/Frameworks";
				METAL_ENABLE_DEBUG_INFO = YES;
				PRODUCT_NAME = "$(TARGET_NAME)";
				TEST_HOST = "$(BUNDLE_LOADER)";
			};
			name = Debug;
		};
		598672441949D31E00B97F76 /* Release */ = {
			isa = XCBuildConfiguration;
			buildSettings = {
				BUNDLE_LOADER = "$(BUILT_PRODUCTS_DIR)/FisrtProgram.app/FisrtProgram";
				FRAMEWORK_SEARCH_PATHS = (
					"$(SDKROOT)/Developer/Library/Frameworks",
					"$(inherited)",
				);
				INFOPLIST_FILE = FisrtProgramTests/Info.plist;
				LD_RUNPATH_SEARCH_PATHS = "$(inherited) @executable_path/Frameworks @loader_path/Frameworks";
				METAL_ENABLE_DEBUG_INFO = NO;
				PRODUCT_NAME = "$(TARGET_NAME)";
				TEST_HOST = "$(BUNDLE_LOADER)";
			};
			name = Release;
		};
/* End XCBuildConfiguration section */

/* Begin XCConfigurationList section */
		5986721B1949D31D00B97F76 /* Build configuration list for PBXProject "FisrtProgram" */ = {
			isa = XCConfigurationList;
			buildConfigurations = (
				5986723D1949D31E00B97F76 /* Debug */,
				5986723E1949D31E00B97F76 /* Release */,
			);
			defaultConfigurationIsVisible = 0;
			defaultConfigurationName = Release;
		};
		5986723F1949D31E00B97F76 /* Build configuration list for PBXNativeTarget "FisrtProgram" */ = {
			isa = XCConfigurationList;
			buildConfigurations = (
				598672401949D31E00B97F76 /* Debug */,
				598672411949D31E00B97F76 /* Release */,
			);
			defaultConfigurationIsVisible = 0;
			defaultConfigurationName = Release;
		};
		598672421949D31E00B97F76 /* Build configuration list for PBXNativeTarget "FisrtProgramTests" */ = {
			isa = XCConfigurationList;
			buildConfigurations = (
				598672431949D31E00B97F76 /* Debug */,
				598672441949D31E00B97F76 /* Release */,
			);
			defaultConfigurationIsVisible = 0;
			defaultConfigurationName = Release;
		};
/* End XCConfigurationList section */

/* Begin XCVersionGroup section */
		598672271949D31E00B97F76 /* FisrtProgram.xcdatamodeld */ = {
			isa = XCVersionGroup;
			children = (
				598672281949D31E00B97F76 /* FisrtProgram.xcdatamodel */,
			);
			currentVersion = 598672281949D31E00B97F76 /* FisrtProgram.xcdatamodel */;
			path = FisrtProgram.xcdatamodeld;
			sourceTree = "<group>";
			versionGroupType = wrapper.xcdatamodel;
		};
/* End XCVersionGroup section */
	};
	rootObject = 598672181949D31D00B97F76 /* Project object */;
}
